// !$*UTF8*$!
{
	archiveVersion = 1;
	classes = {
	};
	objectVersion = 46;
	objects = {

/* Begin PBXBuildFile section */
		9D637F041C94095A00E8CBC4 /* AppDelegate.swift in Sources */ = {isa = PBXBuildFile; fileRef = 9D637F031C94095A00E8CBC4 /* AppDelegate.swift */; };
		9D637F061C94095A00E8CBC4 /* ViewController.swift in Sources */ = {isa = PBXBuildFile; fileRef = 9D637F051C94095A00E8CBC4 /* ViewController.swift */; };
		9D637F091C94095A00E8CBC4 /* Main.storyboard in Resources */ = {isa = PBXBuildFile; fileRef = 9D637F071C94095A00E8CBC4 /* Main.storyboard */; };
		9D637F0B1C94095A00E8CBC4 /* Assets.xcassets in Resources */ = {isa = PBXBuildFile; fileRef = 9D637F0A1C94095A00E8CBC4 /* Assets.xcassets */; };
		9D637F0E1C94095A00E8CBC4 /* LaunchScreen.storyboard in Resources */ = {isa = PBXBuildFile; fileRef = 9D637F0C1C94095A00E8CBC4 /* LaunchScreen.storyboard */; };
		9D637F191C94095A00E8CBC4 /* DailyBudgetTests.swift in Sources */ = {isa = PBXBuildFile; fileRef = 9D637F181C94095A00E8CBC4 /* DailyBudgetTests.swift */; };
		9D637F241C94095A00E8CBC4 /* DailyBudgetUITests.swift in Sources */ = {isa = PBXBuildFile; fileRef = 9D637F231C94095A00E8CBC4 /* DailyBudgetUITests.swift */; };
		9D637F321C944BD400E8CBC4 /* AddNewExpenseTextFieldDelegate.swift in Sources */ = {isa = PBXBuildFile; fileRef = 9D637F311C944BD400E8CBC4 /* AddNewExpenseTextFieldDelegate.swift */; };
		9DD1D3641CB569FB001A6DE4 /* EconomyBalance.swift in Sources */ = {isa = PBXBuildFile; fileRef = 9DD1D3631CB569FB001A6DE4 /* EconomyBalance.swift */; };
		9DD1D3671CB56A20001A6DE4 /* SetEconomyBalanceVelocityEvent.swift in Sources */ = {isa = PBXBuildFile; fileRef = 9DD1D3661CB56A20001A6DE4 /* SetEconomyBalanceVelocityEvent.swift */; };
		9DD1D3691CB56A3C001A6DE4 /* AddEconomyBalanceEvent.swift in Sources */ = {isa = PBXBuildFile; fileRef = 9DD1D3681CB56A3C001A6DE4 /* AddEconomyBalanceEvent.swift */; };
		9DD1D36B1CB56A5B001A6DE4 /* SetEconomyBalanceEvent.swift in Sources */ = {isa = PBXBuildFile; fileRef = 9DD1D36A1CB56A5B001A6DE4 /* SetEconomyBalanceEvent.swift */; };
		9DD1D36D1CB56A78001A6DE4 /* EconomyTimelineEvent.swift in Sources */ = {isa = PBXBuildFile; fileRef = 9DD1D36C1CB56A78001A6DE4 /* EconomyTimelineEvent.swift */; };
		9DD1D3721CB6DDE4001A6DE4 /* AddFundViewController.swift in Sources */ = {isa = PBXBuildFile; fileRef = 9DD1D3711CB6DDE4001A6DE4 /* AddFundViewController.swift */; };
		9DD1D3741CB9023C001A6DE4 /* AddFundEvent.swift in Sources */ = {isa = PBXBuildFile; fileRef = 9DD1D3731CB9023C001A6DE4 /* AddFundEvent.swift */; };
		9DD1D3761CB9111A001A6DE4 /* FundTableViewCell.swift in Sources */ = {isa = PBXBuildFile; fileRef = 9DD1D3751CB9111A001A6DE4 /* FundTableViewCell.swift */; };
		9DD1D37C1CB91B8D001A6DE4 /* FundTableViewDelegate.swift in Sources */ = {isa = PBXBuildFile; fileRef = 9DD1D37B1CB91B8D001A6DE4 /* FundTableViewDelegate.swift */; };
		9DE05EB61CBAA82A00FBB942 /* SaveToFundViewController.swift in Sources */ = {isa = PBXBuildFile; fileRef = 9DE05EB51CBAA82A00FBB942 /* SaveToFundViewController.swift */; };
		9DE05EB91CBABA6B00FBB942 /* SpendFromFundViewController.swift in Sources */ = {isa = PBXBuildFile; fileRef = 9DE05EB81CBABA6B00FBB942 /* SpendFromFundViewController.swift */; };
		9DE05EBB1CBABD1E00FBB942 /* FundTableViewButton.swift in Sources */ = {isa = PBXBuildFile; fileRef = 9DE05EBA1CBABD1E00FBB942 /* FundTableViewButton.swift */; };
		9DF3C6041CBF9432009F5E1E /* SpendEvent.swift in Sources */ = {isa = PBXBuildFile; fileRef = 9DF3C6031CBF9432009F5E1E /* SpendEvent.swift */; };
		C31C4D311C9BE24800720E21 /* Account.swift in Sources */ = {isa = PBXBuildFile; fileRef = C31C4D301C9BE24800720E21 /* Account.swift */; };
		C31C4D331C9BE2AA00720E21 /* Economy.swift in Sources */ = {isa = PBXBuildFile; fileRef = C31C4D321C9BE2AA00720E21 /* Economy.swift */; };
		C31C4D351C9BE7AC00720E21 /* EconomyController.swift in Sources */ = {isa = PBXBuildFile; fileRef = C31C4D341C9BE7AC00720E21 /* EconomyController.swift */; };
		C335C7891CA0521B00E01076 /* Currency.swift in Sources */ = {isa = PBXBuildFile; fileRef = C335C7881CA0521B00E01076 /* Currency.swift */; };
		C37585E91CAD9603002CB2CF /* Settings.swift in Sources */ = {isa = PBXBuildFile; fileRef = C37585E81CAD9603002CB2CF /* Settings.swift */; };
		C37585EB1CADAEAF002CB2CF /* SettingsViewController.swift in Sources */ = {isa = PBXBuildFile; fileRef = C37585EA1CADAEAF002CB2CF /* SettingsViewController.swift */; };
/* End PBXBuildFile section */

/* Begin PBXContainerItemProxy section */
		9D637F151C94095A00E8CBC4 /* PBXContainerItemProxy */ = {
			isa = PBXContainerItemProxy;
			containerPortal = 9D637EF81C94095A00E8CBC4 /* Project object */;
			proxyType = 1;
			remoteGlobalIDString = 9D637EFF1C94095A00E8CBC4;
			remoteInfo = DailyBudget;
		};
		9D637F201C94095A00E8CBC4 /* PBXContainerItemProxy */ = {
			isa = PBXContainerItemProxy;
			containerPortal = 9D637EF81C94095A00E8CBC4 /* Project object */;
			proxyType = 1;
			remoteGlobalIDString = 9D637EFF1C94095A00E8CBC4;
			remoteInfo = DailyBudget;
		};
/* End PBXContainerItemProxy section */

/* Begin PBXFileReference section */
		9D637F001C94095A00E8CBC4 /* DailyBudget.app */ = {isa = PBXFileReference; explicitFileType = wrapper.application; includeInIndex = 0; path = DailyBudget.app; sourceTree = BUILT_PRODUCTS_DIR; };
		9D637F031C94095A00E8CBC4 /* AppDelegate.swift */ = {isa = PBXFileReference; lastKnownFileType = sourcecode.swift; path = AppDelegate.swift; sourceTree = "<group>"; };
		9D637F051C94095A00E8CBC4 /* ViewController.swift */ = {isa = PBXFileReference; lastKnownFileType = sourcecode.swift; path = ViewController.swift; sourceTree = "<group>"; };
		9D637F081C94095A00E8CBC4 /* Base */ = {isa = PBXFileReference; lastKnownFileType = file.storyboard; name = Base; path = Base.lproj/Main.storyboard; sourceTree = "<group>"; };
		9D637F0A1C94095A00E8CBC4 /* Assets.xcassets */ = {isa = PBXFileReference; lastKnownFileType = folder.assetcatalog; path = Assets.xcassets; sourceTree = "<group>"; };
		9D637F0D1C94095A00E8CBC4 /* Base */ = {isa = PBXFileReference; lastKnownFileType = file.storyboard; name = Base; path = Base.lproj/LaunchScreen.storyboard; sourceTree = "<group>"; };
		9D637F0F1C94095A00E8CBC4 /* Info.plist */ = {isa = PBXFileReference; lastKnownFileType = text.plist.xml; path = Info.plist; sourceTree = "<group>"; };
		9D637F141C94095A00E8CBC4 /* DailyBudgetTests.xctest */ = {isa = PBXFileReference; explicitFileType = wrapper.cfbundle; includeInIndex = 0; path = DailyBudgetTests.xctest; sourceTree = BUILT_PRODUCTS_DIR; };
		9D637F181C94095A00E8CBC4 /* DailyBudgetTests.swift */ = {isa = PBXFileReference; lastKnownFileType = sourcecode.swift; path = DailyBudgetTests.swift; sourceTree = "<group>"; };
		9D637F1A1C94095A00E8CBC4 /* Info.plist */ = {isa = PBXFileReference; lastKnownFileType = text.plist.xml; path = Info.plist; sourceTree = "<group>"; };
		9D637F1F1C94095A00E8CBC4 /* DailyBudgetUITests.xctest */ = {isa = PBXFileReference; explicitFileType = wrapper.cfbundle; includeInIndex = 0; path = DailyBudgetUITests.xctest; sourceTree = BUILT_PRODUCTS_DIR; };
		9D637F231C94095A00E8CBC4 /* DailyBudgetUITests.swift */ = {isa = PBXFileReference; lastKnownFileType = sourcecode.swift; path = DailyBudgetUITests.swift; sourceTree = "<group>"; };
		9D637F251C94095A00E8CBC4 /* Info.plist */ = {isa = PBXFileReference; lastKnownFileType = text.plist.xml; path = Info.plist; sourceTree = "<group>"; };
		9D637F311C944BD400E8CBC4 /* AddNewExpenseTextFieldDelegate.swift */ = {isa = PBXFileReference; fileEncoding = 4; lastKnownFileType = sourcecode.swift; path = AddNewExpenseTextFieldDelegate.swift; sourceTree = "<group>"; };
		9DD1D3631CB569FB001A6DE4 /* EconomyBalance.swift */ = {isa = PBXFileReference; fileEncoding = 4; lastKnownFileType = sourcecode.swift; path = EconomyBalance.swift; sourceTree = "<group>"; };
		9DD1D3661CB56A20001A6DE4 /* SetEconomyBalanceVelocityEvent.swift */ = {isa = PBXFileReference; fileEncoding = 4; lastKnownFileType = sourcecode.swift; path = SetEconomyBalanceVelocityEvent.swift; sourceTree = "<group>"; };
		9DD1D3681CB56A3C001A6DE4 /* AddEconomyBalanceEvent.swift */ = {isa = PBXFileReference; fileEncoding = 4; lastKnownFileType = sourcecode.swift; path = AddEconomyBalanceEvent.swift; sourceTree = "<group>"; };
		9DD1D36A1CB56A5B001A6DE4 /* SetEconomyBalanceEvent.swift */ = {isa = PBXFileReference; fileEncoding = 4; lastKnownFileType = sourcecode.swift; path = SetEconomyBalanceEvent.swift; sourceTree = "<group>"; };
		9DD1D36C1CB56A78001A6DE4 /* EconomyTimelineEvent.swift */ = {isa = PBXFileReference; fileEncoding = 4; lastKnownFileType = sourcecode.swift; path = EconomyTimelineEvent.swift; sourceTree = "<group>"; };
		9DD1D3711CB6DDE4001A6DE4 /* AddFundViewController.swift */ = {isa = PBXFileReference; fileEncoding = 4; lastKnownFileType = sourcecode.swift; path = AddFundViewController.swift; sourceTree = "<group>"; };
		9DD1D3731CB9023C001A6DE4 /* AddFundEvent.swift */ = {isa = PBXFileReference; fileEncoding = 4; lastKnownFileType = sourcecode.swift; path = AddFundEvent.swift; sourceTree = "<group>"; };
		9DD1D3751CB9111A001A6DE4 /* FundTableViewCell.swift */ = {isa = PBXFileReference; fileEncoding = 4; lastKnownFileType = sourcecode.swift; path = FundTableViewCell.swift; sourceTree = "<group>"; };
		9DD1D37B1CB91B8D001A6DE4 /* FundTableViewDelegate.swift */ = {isa = PBXFileReference; fileEncoding = 4; lastKnownFileType = sourcecode.swift; path = FundTableViewDelegate.swift; sourceTree = "<group>"; };
		9DE05EB51CBAA82A00FBB942 /* SaveToFundViewController.swift */ = {isa = PBXFileReference; fileEncoding = 4; lastKnownFileType = sourcecode.swift; path = SaveToFundViewController.swift; sourceTree = "<group>"; };
		9DE05EB81CBABA6B00FBB942 /* SpendFromFundViewController.swift */ = {isa = PBXFileReference; fileEncoding = 4; lastKnownFileType = sourcecode.swift; path = SpendFromFundViewController.swift; sourceTree = "<group>"; };
		9DE05EBA1CBABD1E00FBB942 /* FundTableViewButton.swift */ = {isa = PBXFileReference; fileEncoding = 4; lastKnownFileType = sourcecode.swift; path = FundTableViewButton.swift; sourceTree = "<group>"; };
		9DF3C6031CBF9432009F5E1E /* SpendEvent.swift */ = {isa = PBXFileReference; fileEncoding = 4; lastKnownFileType = sourcecode.swift; path = SpendEvent.swift; sourceTree = "<group>"; };
		C31C4D301C9BE24800720E21 /* Account.swift */ = {isa = PBXFileReference; fileEncoding = 4; lastKnownFileType = sourcecode.swift; path = Account.swift; sourceTree = "<group>"; };
		C31C4D321C9BE2AA00720E21 /* Economy.swift */ = {isa = PBXFileReference; fileEncoding = 4; lastKnownFileType = sourcecode.swift; path = Economy.swift; sourceTree = "<group>"; };
		C31C4D341C9BE7AC00720E21 /* EconomyController.swift */ = {isa = PBXFileReference; fileEncoding = 4; lastKnownFileType = sourcecode.swift; path = EconomyController.swift; sourceTree = "<group>"; };
		C335C7881CA0521B00E01076 /* Currency.swift */ = {isa = PBXFileReference; fileEncoding = 4; lastKnownFileType = sourcecode.swift; path = Currency.swift; sourceTree = "<group>"; };
		C37585E81CAD9603002CB2CF /* Settings.swift */ = {isa = PBXFileReference; fileEncoding = 4; lastKnownFileType = sourcecode.swift; path = Settings.swift; sourceTree = "<group>"; };
		C37585EA1CADAEAF002CB2CF /* SettingsViewController.swift */ = {isa = PBXFileReference; fileEncoding = 4; lastKnownFileType = sourcecode.swift; path = SettingsViewController.swift; sourceTree = "<group>"; };
/* End PBXFileReference section */

/* Begin PBXFrameworksBuildPhase section */
		9D637EFD1C94095A00E8CBC4 /* Frameworks */ = {
			isa = PBXFrameworksBuildPhase;
			buildActionMask = 2147483647;
			files = (
			);
			runOnlyForDeploymentPostprocessing = 0;
		};
		9D637F111C94095A00E8CBC4 /* Frameworks */ = {
			isa = PBXFrameworksBuildPhase;
			buildActionMask = 2147483647;
			files = (
			);
			runOnlyForDeploymentPostprocessing = 0;
		};
		9D637F1C1C94095A00E8CBC4 /* Frameworks */ = {
			isa = PBXFrameworksBuildPhase;
			buildActionMask = 2147483647;
			files = (
			);
			runOnlyForDeploymentPostprocessing = 0;
		};
/* End PBXFrameworksBuildPhase section */

/* Begin PBXGroup section */
		9D637EF71C94095A00E8CBC4 = {
			isa = PBXGroup;
			children = (
				9D637F021C94095A00E8CBC4 /* DailyBudget */,
				9D637F171C94095A00E8CBC4 /* DailyBudgetTests */,
				9D637F221C94095A00E8CBC4 /* DailyBudgetUITests */,
				9D637F011C94095A00E8CBC4 /* Products */,
			);
			sourceTree = "<group>";
		};
		9D637F011C94095A00E8CBC4 /* Products */ = {
			isa = PBXGroup;
			children = (
				9D637F001C94095A00E8CBC4 /* DailyBudget.app */,
				9D637F141C94095A00E8CBC4 /* DailyBudgetTests.xctest */,
				9D637F1F1C94095A00E8CBC4 /* DailyBudgetUITests.xctest */,
			);
			name = Products;
			sourceTree = "<group>";
		};
		9D637F021C94095A00E8CBC4 /* DailyBudget */ = {
			isa = PBXGroup;
			children = (
				C37585E71CAD93AC002CB2CF /* Economy */,
				C37585E61CAD93A1002CB2CF /* Views */,
				9D637F031C94095A00E8CBC4 /* AppDelegate.swift */,
				9D637F071C94095A00E8CBC4 /* Main.storyboard */,
				9D637F0A1C94095A00E8CBC4 /* Assets.xcassets */,
				9D637F0C1C94095A00E8CBC4 /* LaunchScreen.storyboard */,
				9D637F0F1C94095A00E8CBC4 /* Info.plist */,
				C31C4D301C9BE24800720E21 /* Account.swift */,
				C37585E81CAD9603002CB2CF /* Settings.swift */,
			);
			path = DailyBudget;
			sourceTree = "<group>";
		};
		9D637F171C94095A00E8CBC4 /* DailyBudgetTests */ = {
			isa = PBXGroup;
			children = (
				9D637F181C94095A00E8CBC4 /* DailyBudgetTests.swift */,
				9D637F1A1C94095A00E8CBC4 /* Info.plist */,
			);
			path = DailyBudgetTests;
			sourceTree = "<group>";
		};
		9D637F221C94095A00E8CBC4 /* DailyBudgetUITests */ = {
			isa = PBXGroup;
			children = (
				9D637F231C94095A00E8CBC4 /* DailyBudgetUITests.swift */,
				9D637F251C94095A00E8CBC4 /* Info.plist */,
			);
			path = DailyBudgetUITests;
			sourceTree = "<group>";
		};
		9DD1D3651CB56A0C001A6DE4 /* EconomyTimelineEvents */ = {
			isa = PBXGroup;
			children = (
				9DD1D3661CB56A20001A6DE4 /* SetEconomyBalanceVelocityEvent.swift */,
				9DD1D3681CB56A3C001A6DE4 /* AddEconomyBalanceEvent.swift */,
				9DD1D36A1CB56A5B001A6DE4 /* SetEconomyBalanceEvent.swift */,
				9DD1D36C1CB56A78001A6DE4 /* EconomyTimelineEvent.swift */,
				9DD1D3731CB9023C001A6DE4 /* AddFundEvent.swift */,
				9DF3C6031CBF9432009F5E1E /* SpendEvent.swift */,
			);
			name = EconomyTimelineEvents;
			sourceTree = "<group>";
		};
		9DE05EB41CBAA7E500FBB942 /* Main View */ = {
			isa = PBXGroup;
			children = (
				9D637F051C94095A00E8CBC4 /* ViewController.swift */,
				9DD1D37B1CB91B8D001A6DE4 /* FundTableViewDelegate.swift */,
				9D637F311C944BD400E8CBC4 /* AddNewExpenseTextFieldDelegate.swift */,
				9DD1D3751CB9111A001A6DE4 /* FundTableViewCell.swift */,
				9DE05EBA1CBABD1E00FBB942 /* FundTableViewButton.swift */,
			);
			name = "Main View";
			sourceTree = "<group>";
		};
		9DE05EB71CBAA84F00FBB942 /* Save To Fund */ = {
			isa = PBXGroup;
			children = (
				9DE05EB51CBAA82A00FBB942 /* SaveToFundViewController.swift */,
			);
			name = "Save To Fund";
			sourceTree = "<group>";
		};
		C37585E61CAD93A1002CB2CF /* Views */ = {
			isa = PBXGroup;
			children = (
				9DE05EB71CBAA84F00FBB942 /* Save To Fund */,
				9DE05EB41CBAA7E500FBB942 /* Main View */,
				C37585EA1CADAEAF002CB2CF /* SettingsViewController.swift */,
				9DD1D3711CB6DDE4001A6DE4 /* AddFundViewController.swift */,
				9DE05EB81CBABA6B00FBB942 /* SpendFromFundViewController.swift */,
			);
			name = Views;
			sourceTree = "<group>";
		};
		C37585E71CAD93AC002CB2CF /* Economy */ = {
			isa = PBXGroup;
			children = (
				9DD1D3651CB56A0C001A6DE4 /* EconomyTimelineEvents */,
				C31C4D321C9BE2AA00720E21 /* Economy.swift */,
				C31C4D341C9BE7AC00720E21 /* EconomyController.swift */,
				C335C7881CA0521B00E01076 /* Currency.swift */,
				9DD1D3631CB569FB001A6DE4 /* EconomyBalance.swift */,
			);
			name = Economy;
			sourceTree = "<group>";
		};
/* End PBXGroup section */

/* Begin PBXNativeTarget section */
		9D637EFF1C94095A00E8CBC4 /* DailyBudget */ = {
			isa = PBXNativeTarget;
			buildConfigurationList = 9D637F281C94095A00E8CBC4 /* Build configuration list for PBXNativeTarget "DailyBudget" */;
			buildPhases = (
				9D637EFC1C94095A00E8CBC4 /* Sources */,
				9D637EFD1C94095A00E8CBC4 /* Frameworks */,
				9D637EFE1C94095A00E8CBC4 /* Resources */,
			);
			buildRules = (
			);
			dependencies = (
			);
			name = DailyBudget;
			productName = DailyBudget;
			productReference = 9D637F001C94095A00E8CBC4 /* DailyBudget.app */;
			productType = "com.apple.product-type.application";
		};
		9D637F131C94095A00E8CBC4 /* DailyBudgetTests */ = {
			isa = PBXNativeTarget;
			buildConfigurationList = 9D637F2B1C94095A00E8CBC4 /* Build configuration list for PBXNativeTarget "DailyBudgetTests" */;
			buildPhases = (
				9D637F101C94095A00E8CBC4 /* Sources */,
				9D637F111C94095A00E8CBC4 /* Frameworks */,
				9D637F121C94095A00E8CBC4 /* Resources */,
			);
			buildRules = (
			);
			dependencies = (
				9D637F161C94095A00E8CBC4 /* PBXTargetDependency */,
			);
			name = DailyBudgetTests;
			productName = DailyBudgetTests;
			productReference = 9D637F141C94095A00E8CBC4 /* DailyBudgetTests.xctest */;
			productType = "com.apple.product-type.bundle.unit-test";
		};
		9D637F1E1C94095A00E8CBC4 /* DailyBudgetUITests */ = {
			isa = PBXNativeTarget;
			buildConfigurationList = 9D637F2E1C94095A00E8CBC4 /* Build configuration list for PBXNativeTarget "DailyBudgetUITests" */;
			buildPhases = (
				9D637F1B1C94095A00E8CBC4 /* Sources */,
				9D637F1C1C94095A00E8CBC4 /* Frameworks */,
				9D637F1D1C94095A00E8CBC4 /* Resources */,
			);
			buildRules = (
			);
			dependencies = (
				9D637F211C94095A00E8CBC4 /* PBXTargetDependency */,
			);
			name = DailyBudgetUITests;
			productName = DailyBudgetUITests;
			productReference = 9D637F1F1C94095A00E8CBC4 /* DailyBudgetUITests.xctest */;
			productType = "com.apple.product-type.bundle.ui-testing";
		};
/* End PBXNativeTarget section */

/* Begin PBXProject section */
		9D637EF81C94095A00E8CBC4 /* Project object */ = {
			isa = PBXProject;
			attributes = {
				LastSwiftUpdateCheck = 0720;
				LastUpgradeCheck = 0720;
				ORGANIZATIONNAME = "Harri Hätinen";
				TargetAttributes = {
					9D637EFF1C94095A00E8CBC4 = {
						CreatedOnToolsVersion = 7.2.1;
						DevelopmentTeam = NM3HG7GGD2;
					};
					9D637F131C94095A00E8CBC4 = {
						CreatedOnToolsVersion = 7.2.1;
						TestTargetID = 9D637EFF1C94095A00E8CBC4;
					};
					9D637F1E1C94095A00E8CBC4 = {
						CreatedOnToolsVersion = 7.2.1;
						TestTargetID = 9D637EFF1C94095A00E8CBC4;
					};
				};
			};
			buildConfigurationList = 9D637EFB1C94095A00E8CBC4 /* Build configuration list for PBXProject "DailyBudget" */;
			compatibilityVersion = "Xcode 3.2";
			developmentRegion = English;
			hasScannedForEncodings = 0;
			knownRegions = (
				en,
				Base,
			);
			mainGroup = 9D637EF71C94095A00E8CBC4;
			productRefGroup = 9D637F011C94095A00E8CBC4 /* Products */;
			projectDirPath = "";
			projectRoot = "";
			targets = (
				9D637EFF1C94095A00E8CBC4 /* DailyBudget */,
				9D637F131C94095A00E8CBC4 /* DailyBudgetTests */,
				9D637F1E1C94095A00E8CBC4 /* DailyBudgetUITests */,
			);
		};
/* End PBXProject section */

/* Begin PBXResourcesBuildPhase section */
		9D637EFE1C94095A00E8CBC4 /* Resources */ = {
			isa = PBXResourcesBuildPhase;
			buildActionMask = 2147483647;
			files = (
				9D637F0E1C94095A00E8CBC4 /* LaunchScreen.storyboard in Resources */,
				9D637F0B1C94095A00E8CBC4 /* Assets.xcassets in Resources */,
				9D637F091C94095A00E8CBC4 /* Main.storyboard in Resources */,
			);
			runOnlyForDeploymentPostprocessing = 0;
		};
		9D637F121C94095A00E8CBC4 /* Resources */ = {
			isa = PBXResourcesBuildPhase;
			buildActionMask = 2147483647;
			files = (
			);
			runOnlyForDeploymentPostprocessing = 0;
		};
		9D637F1D1C94095A00E8CBC4 /* Resources */ = {
			isa = PBXResourcesBuildPhase;
			buildActionMask = 2147483647;
			files = (
			);
			runOnlyForDeploymentPostprocessing = 0;
		};
/* End PBXResourcesBuildPhase section */

/* Begin PBXSourcesBuildPhase section */
		9D637EFC1C94095A00E8CBC4 /* Sources */ = {
			isa = PBXSourcesBuildPhase;
			buildActionMask = 2147483647;
			files = (
				9DE05EB61CBAA82A00FBB942 /* SaveToFundViewController.swift in Sources */,
				C31C4D331C9BE2AA00720E21 /* Economy.swift in Sources */,
				9D637F321C944BD400E8CBC4 /* AddNewExpenseTextFieldDelegate.swift in Sources */,
				9DD1D3761CB9111A001A6DE4 /* FundTableViewCell.swift in Sources */,
				9DD1D37C1CB91B8D001A6DE4 /* FundTableViewDelegate.swift in Sources */,
				C31C4D311C9BE24800720E21 /* Account.swift in Sources */,
				9DE05EB91CBABA6B00FBB942 /* SpendFromFundViewController.swift in Sources */,
				C37585EB1CADAEAF002CB2CF /* SettingsViewController.swift in Sources */,
				9DD1D3671CB56A20001A6DE4 /* SetEconomyBalanceVelocityEvent.swift in Sources */,
				9D637F061C94095A00E8CBC4 /* ViewController.swift in Sources */,
				C31C4D351C9BE7AC00720E21 /* EconomyController.swift in Sources */,
				9DF3C6041CBF9432009F5E1E /* SpendEvent.swift in Sources */,
				9DD1D3741CB9023C001A6DE4 /* AddFundEvent.swift in Sources */,
				9DD1D3641CB569FB001A6DE4 /* EconomyBalance.swift in Sources */,
				C335C7891CA0521B00E01076 /* Currency.swift in Sources */,
				9DD1D36B1CB56A5B001A6DE4 /* SetEconomyBalanceEvent.swift in Sources */,
				C37585E91CAD9603002CB2CF /* Settings.swift in Sources */,
				9DD1D3721CB6DDE4001A6DE4 /* AddFundViewController.swift in Sources */,
				9D637F041C94095A00E8CBC4 /* AppDelegate.swift in Sources */,
				9DE05EBB1CBABD1E00FBB942 /* FundTableViewButton.swift in Sources */,
				9DD1D3691CB56A3C001A6DE4 /* AddEconomyBalanceEvent.swift in Sources */,
				9DD1D36D1CB56A78001A6DE4 /* EconomyTimelineEvent.swift in Sources */,
			);
			runOnlyForDeploymentPostprocessing = 0;
		};
		9D637F101C94095A00E8CBC4 /* Sources */ = {
			isa = PBXSourcesBuildPhase;
			buildActionMask = 2147483647;
			files = (
				9D637F191C94095A00E8CBC4 /* DailyBudgetTests.swift in Sources */,
			);
			runOnlyForDeploymentPostprocessing = 0;
		};
		9D637F1B1C94095A00E8CBC4 /* Sources */ = {
			isa = PBXSourcesBuildPhase;
			buildActionMask = 2147483647;
			files = (
				9D637F241C94095A00E8CBC4 /* DailyBudgetUITests.swift in Sources */,
			);
			runOnlyForDeploymentPostprocessing = 0;
		};
/* End PBXSourcesBuildPhase section */

/* Begin PBXTargetDependency section */
		9D637F161C94095A00E8CBC4 /* PBXTargetDependency */ = {
			isa = PBXTargetDependency;
			target = 9D637EFF1C94095A00E8CBC4 /* DailyBudget */;
			targetProxy = 9D637F151C94095A00E8CBC4 /* PBXContainerItemProxy */;
		};
		9D637F211C94095A00E8CBC4 /* PBXTargetDependency */ = {
			isa = PBXTargetDependency;
			target = 9D637EFF1C94095A00E8CBC4 /* DailyBudget */;
			targetProxy = 9D637F201C94095A00E8CBC4 /* PBXContainerItemProxy */;
		};
/* End PBXTargetDependency section */

/* Begin PBXVariantGroup section */
		9D637F071C94095A00E8CBC4 /* Main.storyboard */ = {
			isa = PBXVariantGroup;
			children = (
				9D637F081C94095A00E8CBC4 /* Base */,
			);
			name = Main.storyboard;
			sourceTree = "<group>";
		};
		9D637F0C1C94095A00E8CBC4 /* LaunchScreen.storyboard */ = {
			isa = PBXVariantGroup;
			children = (
				9D637F0D1C94095A00E8CBC4 /* Base */,
			);
			name = LaunchScreen.storyboard;
			sourceTree = "<group>";
		};
/* End PBXVariantGroup section */

/* Begin XCBuildConfiguration section */
		9D637F261C94095A00E8CBC4 /* Debug */ = {
			isa = XCBuildConfiguration;
			buildSettings = {
				ALWAYS_SEARCH_USER_PATHS = NO;
				CLANG_CXX_LANGUAGE_STANDARD = "gnu++0x";
				CLANG_CXX_LIBRARY = "libc++";
				CLANG_ENABLE_MODULES = YES;
				CLANG_ENABLE_OBJC_ARC = YES;
				CLANG_WARN_BOOL_CONVERSION = YES;
				CLANG_WARN_CONSTANT_CONVERSION = YES;
				CLANG_WARN_DIRECT_OBJC_ISA_USAGE = YES_ERROR;
				CLANG_WARN_EMPTY_BODY = YES;
				CLANG_WARN_ENUM_CONVERSION = YES;
				CLANG_WARN_INT_CONVERSION = YES;
				CLANG_WARN_OBJC_ROOT_CLASS = YES_ERROR;
				CLANG_WARN_UNREACHABLE_CODE = YES;
				CLANG_WARN__DUPLICATE_METHOD_MATCH = YES;
				"CODE_SIGN_IDENTITY[sdk=iphoneos*]" = "iPhone Developer";
				COPY_PHASE_STRIP = NO;
				DEBUG_INFORMATION_FORMAT = dwarf;
				ENABLE_STRICT_OBJC_MSGSEND = YES;
				ENABLE_TESTABILITY = YES;
				GCC_C_LANGUAGE_STANDARD = gnu99;
				GCC_DYNAMIC_NO_PIC = NO;
				GCC_NO_COMMON_BLOCKS = YES;
				GCC_OPTIMIZATION_LEVEL = 0;
				GCC_PREPROCESSOR_DEFINITIONS = (
					"DEBUG=1",
					"$(inherited)",
				);
				GCC_WARN_64_TO_32_BIT_CONVERSION = YES;
				GCC_WARN_ABOUT_RETURN_TYPE = YES_ERROR;
				GCC_WARN_UNDECLARED_SELECTOR = YES;
				GCC_WARN_UNINITIALIZED_AUTOS = YES_AGGRESSIVE;
				GCC_WARN_UNUSED_FUNCTION = YES;
				GCC_WARN_UNUSED_VARIABLE = YES;
				IPHONEOS_DEPLOYMENT_TARGET = 9.2;
				MTL_ENABLE_DEBUG_INFO = YES;
				ONLY_ACTIVE_ARCH = YES;
				SDKROOT = iphoneos;
				SWIFT_OPTIMIZATION_LEVEL = "-Onone";
			};
			name = Debug;
		};
		9D637F271C94095A00E8CBC4 /* Release */ = {
			isa = XCBuildConfiguration;
			buildSettings = {
				ALWAYS_SEARCH_USER_PATHS = NO;
				CLANG_CXX_LANGUAGE_STANDARD = "gnu++0x";
				CLANG_CXX_LIBRARY = "libc++";
				CLANG_ENABLE_MODULES = YES;
				CLANG_ENABLE_OBJC_ARC = YES;
				CLANG_WARN_BOOL_CONVERSION = YES;
				CLANG_WARN_CONSTANT_CONVERSION = YES;
				CLANG_WARN_DIRECT_OBJC_ISA_USAGE = YES_ERROR;
				CLANG_WARN_EMPTY_BODY = YES;
				CLANG_WARN_ENUM_CONVERSION = YES;
				CLANG_WARN_INT_CONVERSION = YES;
				CLANG_WARN_OBJC_ROOT_CLASS = YES_ERROR;
				CLANG_WARN_UNREACHABLE_CODE = YES;
				CLANG_WARN__DUPLICATE_METHOD_MATCH = YES;
				"CODE_SIGN_IDENTITY[sdk=iphoneos*]" = "iPhone Developer";
				COPY_PHASE_STRIP = NO;
				DEBUG_INFORMATION_FORMAT = "dwarf-with-dsym";
				ENABLE_NS_ASSERTIONS = NO;
				ENABLE_STRICT_OBJC_MSGSEND = YES;
				GCC_C_LANGUAGE_STANDARD = gnu99;
				GCC_NO_COMMON_BLOCKS = YES;
				GCC_WARN_64_TO_32_BIT_CONVERSION = YES;
				GCC_WARN_ABOUT_RETURN_TYPE = YES_ERROR;
				GCC_WARN_UNDECLARED_SELECTOR = YES;
				GCC_WARN_UNINITIALIZED_AUTOS = YES_AGGRESSIVE;
				GCC_WARN_UNUSED_FUNCTION = YES;
				GCC_WARN_UNUSED_VARIABLE = YES;
				IPHONEOS_DEPLOYMENT_TARGET = 9.2;
				MTL_ENABLE_DEBUG_INFO = NO;
				SDKROOT = iphoneos;
				VALIDATE_PRODUCT = YES;
			};
			name = Release;
		};
		9D637F291C94095A00E8CBC4 /* Debug */ = {
			isa = XCBuildConfiguration;
			buildSettings = {
				ASSETCATALOG_COMPILER_APPICON_NAME = AppIcon;
				CODE_SIGN_IDENTITY = "iPhone Developer";
				"CODE_SIGN_IDENTITY[sdk=iphoneos*]" = "iPhone Developer";
				INFOPLIST_FILE = DailyBudget/Info.plist;
				LD_RUNPATH_SEARCH_PATHS = "$(inherited) @executable_path/Frameworks";
				PRODUCT_BUNDLE_IDENTIFIER = com.hhatinen.DailyBudget;
				PRODUCT_NAME = "$(TARGET_NAME)";
				PROVISIONING_PROFILE = "";
			};
			name = Debug;
		};
		9D637F2A1C94095A00E8CBC4 /* Release */ = {
			isa = XCBuildConfiguration;
			buildSettings = {
				ASSETCATALOG_COMPILER_APPICON_NAME = AppIcon;
				CODE_SIGN_IDENTITY = "iPhone Developer";
				"CODE_SIGN_IDENTITY[sdk=iphoneos*]" = "iPhone Developer";
				INFOPLIST_FILE = DailyBudget/Info.plist;
				LD_RUNPATH_SEARCH_PATHS = "$(inherited) @executable_path/Frameworks";
				PRODUCT_BUNDLE_IDENTIFIER = com.hhatinen.DailyBudget;
				PRODUCT_NAME = "$(TARGET_NAME)";
				PROVISIONING_PROFILE = "";
			};
			name = Release;
		};
		9D637F2C1C94095A00E8CBC4 /* Debug */ = {
			isa = XCBuildConfiguration;
			buildSettings = {
				BUNDLE_LOADER = "$(TEST_HOST)";
				INFOPLIST_FILE = DailyBudgetTests/Info.plist;
				LD_RUNPATH_SEARCH_PATHS = "$(inherited) @executable_path/Frameworks @loader_path/Frameworks";
				PRODUCT_BUNDLE_IDENTIFIER = com.hhatinen.DailyBudgetTests;
				PRODUCT_NAME = "$(TARGET_NAME)";
				TEST_HOST = "$(BUILT_PRODUCTS_DIR)/DailyBudget.app/DailyBudget";
			};
			name = Debug;
		};
		9D637F2D1C94095A00E8CBC4 /* Release */ = {
			isa = XCBuildConfiguration;
			buildSettings = {
				BUNDLE_LOADER = "$(TEST_HOST)";
				INFOPLIST_FILE = DailyBudgetTests/Info.plist;
				LD_RUNPATH_SEARCH_PATHS = "$(inherited) @executable_path/Frameworks @loader_path/Frameworks";
				PRODUCT_BUNDLE_IDENTIFIER = com.hhatinen.DailyBudgetTests;
				PRODUCT_NAME = "$(TARGET_NAME)";
				TEST_HOST = "$(BUILT_PRODUCTS_DIR)/DailyBudget.app/DailyBudget";
			};
			name = Release;
		};
		9D637F2F1C94095A00E8CBC4 /* Debug */ = {
			isa = XCBuildConfiguration;
			buildSettings = {
				INFOPLIST_FILE = DailyBudgetUITests/Info.plist;
				LD_RUNPATH_SEARCH_PATHS = "$(inherited) @executable_path/Frameworks @loader_path/Frameworks";
				PRODUCT_BUNDLE_IDENTIFIER = com.hhatinen.DailyBudgetUITests;
				PRODUCT_NAME = "$(TARGET_NAME)";
				TEST_TARGET_NAME = DailyBudget;
				USES_XCTRUNNER = YES;
			};
			name = Debug;
		};
		9D637F301C94095A00E8CBC4 /* Release */ = {
			isa = XCBuildConfiguration;
			buildSettings = {
				INFOPLIST_FILE = DailyBudgetUITests/Info.plist;
				LD_RUNPATH_SEARCH_PATHS = "$(inherited) @executable_path/Frameworks @loader_path/Frameworks";
				PRODUCT_BUNDLE_IDENTIFIER = com.hhatinen.DailyBudgetUITests;
				PRODUCT_NAME = "$(TARGET_NAME)";
				TEST_TARGET_NAME = DailyBudget;
				USES_XCTRUNNER = YES;
			};
			name = Release;
		};
/* End XCBuildConfiguration section */

/* Begin XCConfigurationList section */
		9D637EFB1C94095A00E8CBC4 /* Build configuration list for PBXProject "DailyBudget" */ = {
			isa = XCConfigurationList;
			buildConfigurations = (
				9D637F261C94095A00E8CBC4 /* Debug */,
				9D637F271C94095A00E8CBC4 /* Release */,
			);
			defaultConfigurationIsVisible = 0;
			defaultConfigurationName = Release;
		};
		9D637F281C94095A00E8CBC4 /* Build configuration list for PBXNativeTarget "DailyBudget" */ = {
			isa = XCConfigurationList;
			buildConfigurations = (
				9D637F291C94095A00E8CBC4 /* Debug */,
				9D637F2A1C94095A00E8CBC4 /* Release */,
			);
			defaultConfigurationIsVisible = 0;
			defaultConfigurationName = Release;
		};
		9D637F2B1C94095A00E8CBC4 /* Build configuration list for PBXNativeTarget "DailyBudgetTests" */ = {
			isa = XCConfigurationList;
			buildConfigurations = (
				9D637F2C1C94095A00E8CBC4 /* Debug */,
				9D637F2D1C94095A00E8CBC4 /* Release */,
			);
			defaultConfigurationIsVisible = 0;
			defaultConfigurationName = Release;
		};
		9D637F2E1C94095A00E8CBC4 /* Build configuration list for PBXNativeTarget "DailyBudgetUITests" */ = {
			isa = XCConfigurationList;
			buildConfigurations = (
				9D637F2F1C94095A00E8CBC4 /* Debug */,
				9D637F301C94095A00E8CBC4 /* Release */,
			);
			defaultConfigurationIsVisible = 0;
			defaultConfigurationName = Release;
		};
/* End XCConfigurationList section */
	};
	rootObject = 9D637EF81C94095A00E8CBC4 /* Project object */;
}
